
Microsoft Visual Studio Solution File, Format Version 12.00
# Visual Studio 15
VisualStudioVersion = 15.0.28307.421
MinimumVisualStudioVersion = 10.0.40219.1
Project("{8BC9CEB8-8B4A-11D0-8D11-00A0C91BC942}") = "GY273ThreeAxisElectronicCompass", "GY273ThreeAxisElectronicCompass\GY273ThreeAxisElectronicCompass.vcxproj", "{5130499E-8041-4945-9039-0F2716E5557D}"
EndProject
Global
	GlobalSection(SolutionConfigurationPlatforms) = preSolution
		Debug|VisualGDB = Debug|VisualGDB
		Release|VisualGDB = Release|VisualGDB
	EndGlobalSection
	GlobalSection(ProjectConfigurationPlatforms) = postSolution
		{5130499E-8041-4945-9039-0F2716E5557D}.Debug|VisualGDB.ActiveCfg = Debug|VisualGDB
		{5130499E-8041-4945-9039-0F2716E5557D}.Debug|VisualGDB.Build.0 = Debug|VisualGDB
		{5130499E-8041-4945-9039-0F2716E5557D}.Release|VisualGDB.ActiveCfg = Release|VisualGDB
		{5130499E-8041-4945-9039-0F2716E5557D}.Release|VisualGDB.Build.0 = Release|VisualGDB
	EndGlobalSection
	GlobalSection(SolutionProperties) = preSolution
		HideSolutionNode = FALSE
	EndGlobalSection
	GlobalSection(ExtensibilityGlobals) = postSolution
		SolutionGuid = {3DADF24B-88EB-43C2-B9AE-BF8F873FE95A}
	EndGlobalSection
EndGlobal
